
Microsoft Visual Studio Solution File, Format Version 12.00
# Visual Studio Version 17
VisualStudioVersion = 17.11.35222.181
MinimumVisualStudioVersion = 10.0.40219.1
Project("{FAE04EC0-301F-11D3-BF4B-00C04F79EFBC}") = "EnumeracionYswitch", "EnumeracionYswitch\EnumeracionYswitch.csproj", "{B908D870-BB6E-4905-A7E2-BE9057F0F177}"
EndProject
Global
	GlobalSection(SolutionConfigurationPlatforms) = preSolution
		Debug|Any CPU = Debug|Any CPU
		Release|Any CPU = Release|Any CPU
	EndGlobalSection
	GlobalSection(ProjectConfigurationPlatforms) = postSolution
		{B908D870-BB6E-4905-A7E2-BE9057F0F177}.Debug|Any CPU.ActiveCfg = Debug|Any CPU
		{B908D870-BB6E-4905-A7E2-BE9057F0F177}.Debug|Any CPU.Build.0 = Debug|Any CPU
		{B908D870-BB6E-4905-A7E2-BE9057F0F177}.Release|Any CPU.ActiveCfg = Release|Any CPU
		{B908D870-BB6E-4905-A7E2-BE9057F0F177}.Release|Any CPU.Build.0 = Release|Any CPU
	EndGlobalSection
	GlobalSection(SolutionProperties) = preSolution
		HideSolutionNode = FALSE
	EndGlobalSection
	GlobalSection(ExtensibilityGlobals) = postSolution
		SolutionGuid = {8EA79FBE-6C6A-4B46-BA51-777618C44CED}
	EndGlobalSection
EndGlobal
