
Microsoft Visual Studio Solution File, Format Version 12.00
# Visual Studio Version 17
VisualStudioVersion = 17.11.35208.52
MinimumVisualStudioVersion = 10.0.40219.1
Project("{FAE04EC0-301F-11D3-BF4B-00C04F79EFBC}") = "Leccion 1", "Leccion 1\Leccion 1.csproj", "{BA6FF019-B6A0-4FAE-8341-85A663B9691B}"
EndProject
Global
	GlobalSection(SolutionConfigurationPlatforms) = preSolution
		Debug|Any CPU = Debug|Any CPU
		Release|Any CPU = Release|Any CPU
	EndGlobalSection
	GlobalSection(ProjectConfigurationPlatforms) = postSolution
		{BA6FF019-B6A0-4FAE-8341-85A663B9691B}.Debug|Any CPU.ActiveCfg = Debug|Any CPU
		{BA6FF019-B6A0-4FAE-8341-85A663B9691B}.Debug|Any CPU.Build.0 = Debug|Any CPU
		{BA6FF019-B6A0-4FAE-8341-85A663B9691B}.Release|Any CPU.ActiveCfg = Release|Any CPU
		{BA6FF019-B6A0-4FAE-8341-85A663B9691B}.Release|Any CPU.Build.0 = Release|Any CPU
	EndGlobalSection
	GlobalSection(SolutionProperties) = preSolution
		HideSolutionNode = FALSE
	EndGlobalSection
	GlobalSection(ExtensibilityGlobals) = postSolution
		SolutionGuid = {3AAB2FE4-985B-4DB2-B916-213ED7866804}
	EndGlobalSection
EndGlobal
